
Microsoft Visual Studio Solution File, Format Version 12.00
# Visual Studio Version 17
VisualStudioVersion = 17.2.32630.192
MinimumVisualStudioVersion = 10.0.40219.1
Project("{9A19103F-16F7-4668-BE54-9A1E7A4F7556}") = "GemiNaut", "GemiNaut.csproj", "{5D9DFB0C-E91C-4DB8-8A81-6E044CF9D906}"
EndProject
Project("{FAE04EC0-301F-11D3-BF4B-00C04F79EFBC}") = "Pluralsight.Crypto", "..\..\SelfCertSharp\Pluralsight.Crypto\Pluralsight.Crypto.csproj", "{FC8E9D5F-3378-4C63-9B6C-5D567F8603B2}"
EndProject
Project("{9A19103F-16F7-4668-BE54-9A1E7A4F7556}") = "SmolNetSharp", "..\..\SmolNetSharp\SmolNetSharp\SmolNetSharp.csproj", "{20794C7B-6CAD-4F07-8C3F-2D8E6F54CD46}"
EndProject
Global
	GlobalSection(SolutionConfigurationPlatforms) = preSolution
		Debug|Any CPU = Debug|Any CPU
		Release|Any CPU = Release|Any CPU
	EndGlobalSection
	GlobalSection(ProjectConfigurationPlatforms) = postSolution
		{5D9DFB0C-E91C-4DB8-8A81-6E044CF9D906}.Debug|Any CPU.ActiveCfg = Debug|Any CPU
		{5D9DFB0C-E91C-4DB8-8A81-6E044CF9D906}.Debug|Any CPU.Build.0 = Debug|Any CPU
		{5D9DFB0C-E91C-4DB8-8A81-6E044CF9D906}.Release|Any CPU.ActiveCfg = Release|Any CPU
		{5D9DFB0C-E91C-4DB8-8A81-6E044CF9D906}.Release|Any CPU.Build.0 = Release|Any CPU
		{FC8E9D5F-3378-4C63-9B6C-5D567F8603B2}.Debug|Any CPU.ActiveCfg = Debug|Any CPU
		{FC8E9D5F-3378-4C63-9B6C-5D567F8603B2}.Debug|Any CPU.Build.0 = Debug|Any CPU
		{FC8E9D5F-3378-4C63-9B6C-5D567F8603B2}.Release|Any CPU.ActiveCfg = Release|Any CPU
		{FC8E9D5F-3378-4C63-9B6C-5D567F8603B2}.Release|Any CPU.Build.0 = Release|Any CPU
		{20794C7B-6CAD-4F07-8C3F-2D8E6F54CD46}.Debug|Any CPU.ActiveCfg = Debug|Any CPU
		{20794C7B-6CAD-4F07-8C3F-2D8E6F54CD46}.Debug|Any CPU.Build.0 = Debug|Any CPU
		{20794C7B-6CAD-4F07-8C3F-2D8E6F54CD46}.Release|Any CPU.ActiveCfg = Release|Any CPU
		{20794C7B-6CAD-4F07-8C3F-2D8E6F54CD46}.Release|Any CPU.Build.0 = Release|Any CPU
	EndGlobalSection
	GlobalSection(SolutionProperties) = preSolution
		HideSolutionNode = FALSE
	EndGlobalSection
	GlobalSection(ExtensibilityGlobals) = postSolution
		SolutionGuid = {14B2C6D2-5027-4BC4-9C5C-522DBE949FE0}
	EndGlobalSection
EndGlobal
